<Solution>
  <Project Path="Core.csproj" />
  <Project Path="Data.csproj" />
  <Project Path="Presentation.csproj" />
  <Project Path="Assembly-CSharp-Editor.csproj" />
  <Project Path="Sprint2Verification1.csproj" />
  <Project Path="Tools.csproj" />
  <Project Path="StarFrontier.Sprint1Verification.EditMode.csproj" />
  <Project Path="Sprint3Validation.csproj" />
  <Project Path="Sprint2Verification.csproj" />
  <Project Path="Audit.csproj" />
  <Project Path="Assembly-CSharp.csproj" />
  <Project Path="StarFrontier.SystemScene.EditModeTests.csproj" />
</Solution>
